
Microsoft Visual Studio Solution File, Format Version 11.00
# Visual Studio 2010
Project("{FAE04EC0-301F-11D3-BF4B-00C04F79EFBC}") = "FilterSample", "FilterSample\FilterSample.csproj", "{36442860-B18E-459E-A938-C18DA12A672F}"
EndProject
Project("{FAE04EC0-301F-11D3-BF4B-00C04F79EFBC}") = "SecondFilterSample", "SecondFilterSample\SecondFilterSample.csproj", "{1AFBD517-7B64-4A9E-82A8-E4CED34E176A}"
EndProject
Project("{FAE04EC0-301F-11D3-BF4B-00C04F79EFBC}") = "MetricSample", "MetricSample\MetricSample.csproj", "{FBFD3F9E-EA58-40F6-A053-1FB08B578AB5}"
EndProject
Project("{FAE04EC0-301F-11D3-BF4B-00C04F79EFBC}") = "PresentationSample", "PresentationSample\PresentationSample.csproj", "{3A70C456-14D8-41D5-A1B8-995736589719}"
EndProject
Global
	GlobalSection(SolutionConfigurationPlatforms) = preSolution
		Debug|Any CPU = Debug|Any CPU
		Release|Any CPU = Release|Any CPU
	EndGlobalSection
	GlobalSection(ProjectConfigurationPlatforms) = postSolution
		{36442860-B18E-459E-A938-C18DA12A672F}.Debug|Any CPU.ActiveCfg = Debug|Any CPU
		{36442860-B18E-459E-A938-C18DA12A672F}.Debug|Any CPU.Build.0 = Debug|Any CPU
		{36442860-B18E-459E-A938-C18DA12A672F}.Release|Any CPU.ActiveCfg = Release|Any CPU
		{36442860-B18E-459E-A938-C18DA12A672F}.Release|Any CPU.Build.0 = Release|Any CPU
		{1AFBD517-7B64-4A9E-82A8-E4CED34E176A}.Debug|Any CPU.ActiveCfg = Debug|Any CPU
		{1AFBD517-7B64-4A9E-82A8-E4CED34E176A}.Debug|Any CPU.Build.0 = Debug|Any CPU
		{1AFBD517-7B64-4A9E-82A8-E4CED34E176A}.Release|Any CPU.ActiveCfg = Release|Any CPU
		{1AFBD517-7B64-4A9E-82A8-E4CED34E176A}.Release|Any CPU.Build.0 = Release|Any CPU
		{FBFD3F9E-EA58-40F6-A053-1FB08B578AB5}.Debug|Any CPU.ActiveCfg = Debug|Any CPU
		{FBFD3F9E-EA58-40F6-A053-1FB08B578AB5}.Debug|Any CPU.Build.0 = Debug|Any CPU
		{FBFD3F9E-EA58-40F6-A053-1FB08B578AB5}.Release|Any CPU.ActiveCfg = Release|Any CPU
		{FBFD3F9E-EA58-40F6-A053-1FB08B578AB5}.Release|Any CPU.Build.0 = Release|Any CPU
		{3A70C456-14D8-41D5-A1B8-995736589719}.Debug|Any CPU.ActiveCfg = Debug|Any CPU
		{3A70C456-14D8-41D5-A1B8-995736589719}.Debug|Any CPU.Build.0 = Debug|Any CPU
		{3A70C456-14D8-41D5-A1B8-995736589719}.Release|Any CPU.ActiveCfg = Release|Any CPU
		{3A70C456-14D8-41D5-A1B8-995736589719}.Release|Any CPU.Build.0 = Release|Any CPU
	EndGlobalSection
	GlobalSection(SolutionProperties) = preSolution
		HideSolutionNode = FALSE
	EndGlobalSection
EndGlobal
