
Microsoft Visual Studio Solution File, Format Version 11.00
# Visual Studio 2010
Project("{F088123C-0E9E-452A-89E6-6BA2F21D5CAC}") = "Entwurf", "Entwurf\Entwurf.modelproj", "{B65686C8-C084-41FC-B783-A079B4DCC685}"
EndProject
Project("{FAE04EC0-301F-11D3-BF4B-00C04F79EFBC}") = "OQAT", "EntwurfLib\OQAT.csproj", "{B138D4F9-F3DB-45C3-B9B8-2FC79AEB425D}"
EndProject
Global
	GlobalSection(SolutionConfigurationPlatforms) = preSolution
		Debug|Any CPU = Debug|Any CPU
		Debug|Mixed Platforms = Debug|Mixed Platforms
		Debug|x86 = Debug|x86
		Release|Any CPU = Release|Any CPU
		Release|Mixed Platforms = Release|Mixed Platforms
		Release|x86 = Release|x86
	EndGlobalSection
	GlobalSection(ProjectConfigurationPlatforms) = postSolution
		{B65686C8-C084-41FC-B783-A079B4DCC685}.Debug|Any CPU.ActiveCfg = Debug|Any CPU
		{B65686C8-C084-41FC-B783-A079B4DCC685}.Debug|Any CPU.Build.0 = Debug|Any CPU
		{B65686C8-C084-41FC-B783-A079B4DCC685}.Debug|Mixed Platforms.ActiveCfg = Debug|Any CPU
		{B65686C8-C084-41FC-B783-A079B4DCC685}.Debug|Mixed Platforms.Build.0 = Debug|Any CPU
		{B65686C8-C084-41FC-B783-A079B4DCC685}.Debug|x86.ActiveCfg = Debug|Any CPU
		{B65686C8-C084-41FC-B783-A079B4DCC685}.Release|Any CPU.ActiveCfg = Release|Any CPU
		{B65686C8-C084-41FC-B783-A079B4DCC685}.Release|Any CPU.Build.0 = Release|Any CPU
		{B65686C8-C084-41FC-B783-A079B4DCC685}.Release|Mixed Platforms.ActiveCfg = Release|Any CPU
		{B65686C8-C084-41FC-B783-A079B4DCC685}.Release|Mixed Platforms.Build.0 = Release|Any CPU
		{B65686C8-C084-41FC-B783-A079B4DCC685}.Release|x86.ActiveCfg = Release|Any CPU
		{B138D4F9-F3DB-45C3-B9B8-2FC79AEB425D}.Debug|Any CPU.ActiveCfg = Debug|Any CPU
		{B138D4F9-F3DB-45C3-B9B8-2FC79AEB425D}.Debug|Any CPU.Build.0 = Debug|Any CPU
		{B138D4F9-F3DB-45C3-B9B8-2FC79AEB425D}.Debug|Mixed Platforms.ActiveCfg = Debug|Any CPU
		{B138D4F9-F3DB-45C3-B9B8-2FC79AEB425D}.Debug|Mixed Platforms.Build.0 = Debug|Any CPU
		{B138D4F9-F3DB-45C3-B9B8-2FC79AEB425D}.Debug|x86.ActiveCfg = Debug|Any CPU
		{B138D4F9-F3DB-45C3-B9B8-2FC79AEB425D}.Release|Any CPU.ActiveCfg = Release|Any CPU
		{B138D4F9-F3DB-45C3-B9B8-2FC79AEB425D}.Release|Any CPU.Build.0 = Release|Any CPU
		{B138D4F9-F3DB-45C3-B9B8-2FC79AEB425D}.Release|Mixed Platforms.ActiveCfg = Release|Any CPU
		{B138D4F9-F3DB-45C3-B9B8-2FC79AEB425D}.Release|Mixed Platforms.Build.0 = Release|Any CPU
		{B138D4F9-F3DB-45C3-B9B8-2FC79AEB425D}.Release|x86.ActiveCfg = Release|Any CPU
	EndGlobalSection
	GlobalSection(SolutionProperties) = preSolution
		HideSolutionNode = FALSE
	EndGlobalSection
EndGlobal
