
Microsoft Visual Studio Solution File, Format Version 11.00
# Visual Studio 2010
Project("{F088123C-0E9E-452A-89E6-6BA2F21D5CAC}") = "Entwurf", "Entwurf\Entwurf.modelproj", "{B65686C8-C084-41FC-B783-A079B4DCC685}"
EndProject
Project("{FAE04EC0-301F-11D3-BF4B-00C04F79EFBC}") = "oqat", "..\guiMockups\oqat\oqat\oqat.csproj", "{E7C977D7-8C09-4E78-993A-4CB40CDB4DDB}"
EndProject
Project("{FAE04EC0-301F-11D3-BF4B-00C04F79EFBC}") = "TestPlugin", "TestPlugin\TestPlugin.csproj", "{86943111-9C68-4EF8-B964-84E0639F07FB}"
EndProject
Global
	GlobalSection(SolutionConfigurationPlatforms) = preSolution
		Debug|Any CPU = Debug|Any CPU
		Debug|Mixed Platforms = Debug|Mixed Platforms
		Debug|x86 = Debug|x86
		Release|Any CPU = Release|Any CPU
		Release|Mixed Platforms = Release|Mixed Platforms
		Release|x86 = Release|x86
	EndGlobalSection
	GlobalSection(ProjectConfigurationPlatforms) = postSolution
		{B65686C8-C084-41FC-B783-A079B4DCC685}.Debug|Any CPU.ActiveCfg = Debug|Any CPU
		{B65686C8-C084-41FC-B783-A079B4DCC685}.Debug|Any CPU.Build.0 = Debug|Any CPU
		{B65686C8-C084-41FC-B783-A079B4DCC685}.Debug|Mixed Platforms.ActiveCfg = Debug|Any CPU
		{B65686C8-C084-41FC-B783-A079B4DCC685}.Debug|Mixed Platforms.Build.0 = Debug|Any CPU
		{B65686C8-C084-41FC-B783-A079B4DCC685}.Debug|x86.ActiveCfg = Debug|Any CPU
		{B65686C8-C084-41FC-B783-A079B4DCC685}.Release|Any CPU.ActiveCfg = Release|Any CPU
		{B65686C8-C084-41FC-B783-A079B4DCC685}.Release|Any CPU.Build.0 = Release|Any CPU
		{B65686C8-C084-41FC-B783-A079B4DCC685}.Release|Mixed Platforms.ActiveCfg = Release|Any CPU
		{B65686C8-C084-41FC-B783-A079B4DCC685}.Release|Mixed Platforms.Build.0 = Release|Any CPU
		{B65686C8-C084-41FC-B783-A079B4DCC685}.Release|x86.ActiveCfg = Release|Any CPU
		{E7C977D7-8C09-4E78-993A-4CB40CDB4DDB}.Debug|Any CPU.ActiveCfg = Debug|x86
		{E7C977D7-8C09-4E78-993A-4CB40CDB4DDB}.Debug|Mixed Platforms.ActiveCfg = Debug|x86
		{E7C977D7-8C09-4E78-993A-4CB40CDB4DDB}.Debug|Mixed Platforms.Build.0 = Debug|x86
		{E7C977D7-8C09-4E78-993A-4CB40CDB4DDB}.Debug|x86.ActiveCfg = Debug|x86
		{E7C977D7-8C09-4E78-993A-4CB40CDB4DDB}.Debug|x86.Build.0 = Debug|x86
		{E7C977D7-8C09-4E78-993A-4CB40CDB4DDB}.Release|Any CPU.ActiveCfg = Release|x86
		{E7C977D7-8C09-4E78-993A-4CB40CDB4DDB}.Release|Mixed Platforms.ActiveCfg = Release|x86
		{E7C977D7-8C09-4E78-993A-4CB40CDB4DDB}.Release|Mixed Platforms.Build.0 = Release|x86
		{E7C977D7-8C09-4E78-993A-4CB40CDB4DDB}.Release|x86.ActiveCfg = Release|x86
		{E7C977D7-8C09-4E78-993A-4CB40CDB4DDB}.Release|x86.Build.0 = Release|x86
		{86943111-9C68-4EF8-B964-84E0639F07FB}.Debug|Any CPU.ActiveCfg = Debug|Any CPU
		{86943111-9C68-4EF8-B964-84E0639F07FB}.Debug|Any CPU.Build.0 = Debug|Any CPU
		{86943111-9C68-4EF8-B964-84E0639F07FB}.Debug|Mixed Platforms.ActiveCfg = Debug|Any CPU
		{86943111-9C68-4EF8-B964-84E0639F07FB}.Debug|Mixed Platforms.Build.0 = Debug|Any CPU
		{86943111-9C68-4EF8-B964-84E0639F07FB}.Debug|x86.ActiveCfg = Debug|Any CPU
		{86943111-9C68-4EF8-B964-84E0639F07FB}.Release|Any CPU.ActiveCfg = Release|Any CPU
		{86943111-9C68-4EF8-B964-84E0639F07FB}.Release|Any CPU.Build.0 = Release|Any CPU
		{86943111-9C68-4EF8-B964-84E0639F07FB}.Release|Mixed Platforms.ActiveCfg = Release|Any CPU
		{86943111-9C68-4EF8-B964-84E0639F07FB}.Release|Mixed Platforms.Build.0 = Release|Any CPU
		{86943111-9C68-4EF8-B964-84E0639F07FB}.Release|x86.ActiveCfg = Release|Any CPU
	EndGlobalSection
	GlobalSection(SolutionProperties) = preSolution
		HideSolutionNode = FALSE
	EndGlobalSection
EndGlobal
