
Microsoft Visual Studio Solution File, Format Version 11.00
# Visual Studio 2010
Project("{FAE04EC0-301F-11D3-BF4B-00C04F79EFBC}") = "OQAT", "OQAT\OQAT.csproj", "{529E31B6-2DC7-46B2-85CE-A6B7680825E9}"
EndProject
Project("{FAE04EC0-301F-11D3-BF4B-00C04F79EFBC}") = "OQAT_Tests", "OQAT_Tests\OQAT_Tests.csproj", "{1662774A-B3D6-49D9-93ED-23526A85A84F}"
EndProject
Project("{2150E333-8FDC-42A3-9474-1A3956D46DE8}") = "Solution Items", "Solution Items", "{A3F6D1CB-D141-4EF6-9E1B-FEDA29A9FC3A}"
	ProjectSection(SolutionItems) = preProject
		Local.testsettings = Local.testsettings
		OQAT1.vsmdi = OQAT1.vsmdi
		TraceAndTestImpact.testsettings = TraceAndTestImpact.testsettings
	EndProjectSection
EndProject
Project("{FAE04EC0-301F-11D3-BF4B-00C04F79EFBC}") = "YuvVideoHandler", "YuvVideoHandler\YuvVideoHandler.csproj", "{8DDF1C82-B71A-4CF6-82DE-AFAF282B4F38}"
EndProject
Project("{FAE04EC0-301F-11D3-BF4B-00C04F79EFBC}") = "PP_Player", "PP_Player\PP_Player.csproj", "{044C062C-9475-4B68-AF61-26B2F64A3CC5}"
EndProject
Project("{FAE04EC0-301F-11D3-BF4B-00C04F79EFBC}") = "OqatPublicResources", "OqatPublicResources\OqatPublicResources.csproj", "{64D5940A-48B4-410D-B1A2-752ED52C2D5F}"
EndProject
Project("{FAE04EC0-301F-11D3-BF4B-00C04F79EFBC}") = "PM_MSE", "PM_MSE\PM_MSE.csproj", "{974A471B-AB6E-440A-9154-F8FCF4E7A38D}"
EndProject
Project("{FAE04EC0-301F-11D3-BF4B-00C04F79EFBC}") = "PP_Diagramm", "PP_Diagramm\PP_Diagramm.csproj", "{9A62AAE3-961C-47F4-BFB1-B3568F233AF5}"
EndProject
Project("{FAE04EC0-301F-11D3-BF4B-00C04F79EFBC}") = "PF_Convolution", "PF_Convolution\PF_Convolution.csproj", "{709E3390-F79E-4711-9E32-DB76D9232193}"
EndProject
Project("{FAE04EC0-301F-11D3-BF4B-00C04F79EFBC}") = "PF_Invert", "PF_Invert\PF_Invert.csproj", "{0F859789-F28E-40B5-AB32-5F2ED008457D}"
EndProject
Project("{FAE04EC0-301F-11D3-BF4B-00C04F79EFBC}") = "PF_Greyscale", "PF_Greyscale\PF_Greyscale.csproj", "{12606421-905F-4753-AC70-BD7228F1DC6B}"
EndProject
Project("{FAE04EC0-301F-11D3-BF4B-00C04F79EFBC}") = "PF_RelativeColor", "PF_RelativeColor\PF_RelativeColor.csproj", "{AED4E5FE-2413-40DF-B874-246091A4DD04}"
EndProject
Project("{FAE04EC0-301F-11D3-BF4B-00C04F79EFBC}") = "PM_PSNR", "PM_PSNR\PM_PSNR.csproj", "{4A736CFE-5F5C-42A0-BFEC-B73932AFAFE5}"
EndProject
Project("{FAE04EC0-301F-11D3-BF4B-00C04F79EFBC}") = "WPF_ClosableTabItem", "WPF_ClosableTabItem\WPF_ClosableTabItem.csproj", "{5F6709BE-B477-4C58-B4C0-1735443E6799}"
EndProject
Project("{FAE04EC0-301F-11D3-BF4B-00C04F79EFBC}") = "PF_NoiseGenerator", "PF_NoiseGenerator\PF_NoiseGenerator.csproj", "{F07CACB8-6CB1-4956-BA42-994154F7DD5C}"
EndProject
Project("{FAE04EC0-301F-11D3-BF4B-00C04F79EFBC}") = "PP_Diagram_Tests", "PP_Diagram_Tests\PP_Diagram_Tests.csproj", "{20BA6D82-C881-4B77-9BEB-D722A3C0BE6E}"
EndProject
Project("{FAE04EC0-301F-11D3-BF4B-00C04F79EFBC}") = "OQAT_UITests", "OQAT_UI-Tests\OQAT_UITests.csproj", "{1FAE8037-B7B2-46DF-9918-BC1647B55365}"
EndProject
Global
	GlobalSection(TestCaseManagementSettings) = postSolution
		CategoryFile = OQAT1.vsmdi
	EndGlobalSection
	GlobalSection(SolutionConfigurationPlatforms) = preSolution
		Debug|Any CPU = Debug|Any CPU
		Debug|Mixed Platforms = Debug|Mixed Platforms
		Debug|x86 = Debug|x86
		Release|Any CPU = Release|Any CPU
		Release|Mixed Platforms = Release|Mixed Platforms
		Release|x86 = Release|x86
	EndGlobalSection
	GlobalSection(ProjectConfigurationPlatforms) = postSolution
		{529E31B6-2DC7-46B2-85CE-A6B7680825E9}.Debug|Any CPU.ActiveCfg = Debug|x86
		{529E31B6-2DC7-46B2-85CE-A6B7680825E9}.Debug|Mixed Platforms.ActiveCfg = Debug|x86
		{529E31B6-2DC7-46B2-85CE-A6B7680825E9}.Debug|Mixed Platforms.Build.0 = Debug|x86
		{529E31B6-2DC7-46B2-85CE-A6B7680825E9}.Debug|x86.ActiveCfg = Debug|x86
		{529E31B6-2DC7-46B2-85CE-A6B7680825E9}.Debug|x86.Build.0 = Debug|x86
		{529E31B6-2DC7-46B2-85CE-A6B7680825E9}.Release|Any CPU.ActiveCfg = Release|x86
		{529E31B6-2DC7-46B2-85CE-A6B7680825E9}.Release|Mixed Platforms.ActiveCfg = Release|x86
		{529E31B6-2DC7-46B2-85CE-A6B7680825E9}.Release|Mixed Platforms.Build.0 = Release|x86
		{529E31B6-2DC7-46B2-85CE-A6B7680825E9}.Release|x86.ActiveCfg = Release|x86
		{529E31B6-2DC7-46B2-85CE-A6B7680825E9}.Release|x86.Build.0 = Release|x86
		{1662774A-B3D6-49D9-93ED-23526A85A84F}.Debug|Any CPU.ActiveCfg = Debug|Any CPU
		{1662774A-B3D6-49D9-93ED-23526A85A84F}.Debug|Any CPU.Build.0 = Debug|Any CPU
		{1662774A-B3D6-49D9-93ED-23526A85A84F}.Debug|Mixed Platforms.ActiveCfg = Debug|Any CPU
		{1662774A-B3D6-49D9-93ED-23526A85A84F}.Debug|Mixed Platforms.Build.0 = Debug|Any CPU
		{1662774A-B3D6-49D9-93ED-23526A85A84F}.Debug|x86.ActiveCfg = Debug|Any CPU
		{1662774A-B3D6-49D9-93ED-23526A85A84F}.Release|Any CPU.ActiveCfg = Release|Any CPU
		{1662774A-B3D6-49D9-93ED-23526A85A84F}.Release|Any CPU.Build.0 = Release|Any CPU
		{1662774A-B3D6-49D9-93ED-23526A85A84F}.Release|Mixed Platforms.ActiveCfg = Release|Any CPU
		{1662774A-B3D6-49D9-93ED-23526A85A84F}.Release|Mixed Platforms.Build.0 = Release|Any CPU
		{1662774A-B3D6-49D9-93ED-23526A85A84F}.Release|x86.ActiveCfg = Release|Any CPU
		{8DDF1C82-B71A-4CF6-82DE-AFAF282B4F38}.Debug|Any CPU.ActiveCfg = Debug|Any CPU
		{8DDF1C82-B71A-4CF6-82DE-AFAF282B4F38}.Debug|Any CPU.Build.0 = Debug|Any CPU
		{8DDF1C82-B71A-4CF6-82DE-AFAF282B4F38}.Debug|Mixed Platforms.ActiveCfg = Debug|Any CPU
		{8DDF1C82-B71A-4CF6-82DE-AFAF282B4F38}.Debug|Mixed Platforms.Build.0 = Debug|Any CPU
		{8DDF1C82-B71A-4CF6-82DE-AFAF282B4F38}.Debug|x86.ActiveCfg = Debug|Any CPU
		{8DDF1C82-B71A-4CF6-82DE-AFAF282B4F38}.Release|Any CPU.ActiveCfg = Release|Any CPU
		{8DDF1C82-B71A-4CF6-82DE-AFAF282B4F38}.Release|Any CPU.Build.0 = Release|Any CPU
		{8DDF1C82-B71A-4CF6-82DE-AFAF282B4F38}.Release|Mixed Platforms.ActiveCfg = Release|Any CPU
		{8DDF1C82-B71A-4CF6-82DE-AFAF282B4F38}.Release|Mixed Platforms.Build.0 = Release|Any CPU
		{8DDF1C82-B71A-4CF6-82DE-AFAF282B4F38}.Release|x86.ActiveCfg = Release|Any CPU
		{044C062C-9475-4B68-AF61-26B2F64A3CC5}.Debug|Any CPU.ActiveCfg = Debug|x86
		{044C062C-9475-4B68-AF61-26B2F64A3CC5}.Debug|Mixed Platforms.ActiveCfg = Debug|x86
		{044C062C-9475-4B68-AF61-26B2F64A3CC5}.Debug|Mixed Platforms.Build.0 = Debug|x86
		{044C062C-9475-4B68-AF61-26B2F64A3CC5}.Debug|x86.ActiveCfg = Debug|x86
		{044C062C-9475-4B68-AF61-26B2F64A3CC5}.Debug|x86.Build.0 = Debug|x86
		{044C062C-9475-4B68-AF61-26B2F64A3CC5}.Release|Any CPU.ActiveCfg = Release|x86
		{044C062C-9475-4B68-AF61-26B2F64A3CC5}.Release|Mixed Platforms.ActiveCfg = Release|x86
		{044C062C-9475-4B68-AF61-26B2F64A3CC5}.Release|Mixed Platforms.Build.0 = Release|x86
		{044C062C-9475-4B68-AF61-26B2F64A3CC5}.Release|x86.ActiveCfg = Release|x86
		{044C062C-9475-4B68-AF61-26B2F64A3CC5}.Release|x86.Build.0 = Release|x86
		{64D5940A-48B4-410D-B1A2-752ED52C2D5F}.Debug|Any CPU.ActiveCfg = Debug|Any CPU
		{64D5940A-48B4-410D-B1A2-752ED52C2D5F}.Debug|Any CPU.Build.0 = Debug|Any CPU
		{64D5940A-48B4-410D-B1A2-752ED52C2D5F}.Debug|Mixed Platforms.ActiveCfg = Debug|Any CPU
		{64D5940A-48B4-410D-B1A2-752ED52C2D5F}.Debug|Mixed Platforms.Build.0 = Debug|Any CPU
		{64D5940A-48B4-410D-B1A2-752ED52C2D5F}.Debug|x86.ActiveCfg = Debug|Any CPU
		{64D5940A-48B4-410D-B1A2-752ED52C2D5F}.Release|Any CPU.ActiveCfg = Release|Any CPU
		{64D5940A-48B4-410D-B1A2-752ED52C2D5F}.Release|Any CPU.Build.0 = Release|Any CPU
		{64D5940A-48B4-410D-B1A2-752ED52C2D5F}.Release|Mixed Platforms.ActiveCfg = Release|Any CPU
		{64D5940A-48B4-410D-B1A2-752ED52C2D5F}.Release|Mixed Platforms.Build.0 = Release|Any CPU
		{64D5940A-48B4-410D-B1A2-752ED52C2D5F}.Release|x86.ActiveCfg = Release|Any CPU
		{974A471B-AB6E-440A-9154-F8FCF4E7A38D}.Debug|Any CPU.ActiveCfg = Debug|x86
		{974A471B-AB6E-440A-9154-F8FCF4E7A38D}.Debug|Mixed Platforms.ActiveCfg = Debug|x86
		{974A471B-AB6E-440A-9154-F8FCF4E7A38D}.Debug|Mixed Platforms.Build.0 = Debug|x86
		{974A471B-AB6E-440A-9154-F8FCF4E7A38D}.Debug|x86.ActiveCfg = Debug|x86
		{974A471B-AB6E-440A-9154-F8FCF4E7A38D}.Debug|x86.Build.0 = Debug|x86
		{974A471B-AB6E-440A-9154-F8FCF4E7A38D}.Release|Any CPU.ActiveCfg = Release|x86
		{974A471B-AB6E-440A-9154-F8FCF4E7A38D}.Release|Mixed Platforms.ActiveCfg = Release|x86
		{974A471B-AB6E-440A-9154-F8FCF4E7A38D}.Release|Mixed Platforms.Build.0 = Release|x86
		{974A471B-AB6E-440A-9154-F8FCF4E7A38D}.Release|x86.ActiveCfg = Release|x86
		{974A471B-AB6E-440A-9154-F8FCF4E7A38D}.Release|x86.Build.0 = Release|x86
		{9A62AAE3-961C-47F4-BFB1-B3568F233AF5}.Debug|Any CPU.ActiveCfg = Debug|x86
		{9A62AAE3-961C-47F4-BFB1-B3568F233AF5}.Debug|Mixed Platforms.ActiveCfg = Debug|x86
		{9A62AAE3-961C-47F4-BFB1-B3568F233AF5}.Debug|Mixed Platforms.Build.0 = Debug|x86
		{9A62AAE3-961C-47F4-BFB1-B3568F233AF5}.Debug|x86.ActiveCfg = Debug|x86
		{9A62AAE3-961C-47F4-BFB1-B3568F233AF5}.Debug|x86.Build.0 = Debug|x86
		{9A62AAE3-961C-47F4-BFB1-B3568F233AF5}.Release|Any CPU.ActiveCfg = Release|x86
		{9A62AAE3-961C-47F4-BFB1-B3568F233AF5}.Release|Mixed Platforms.ActiveCfg = Release|x86
		{9A62AAE3-961C-47F4-BFB1-B3568F233AF5}.Release|Mixed Platforms.Build.0 = Release|x86
		{9A62AAE3-961C-47F4-BFB1-B3568F233AF5}.Release|x86.ActiveCfg = Release|x86
		{9A62AAE3-961C-47F4-BFB1-B3568F233AF5}.Release|x86.Build.0 = Release|x86
		{709E3390-F79E-4711-9E32-DB76D9232193}.Debug|Any CPU.ActiveCfg = Debug|x86
		{709E3390-F79E-4711-9E32-DB76D9232193}.Debug|Mixed Platforms.ActiveCfg = Debug|x86
		{709E3390-F79E-4711-9E32-DB76D9232193}.Debug|Mixed Platforms.Build.0 = Debug|x86
		{709E3390-F79E-4711-9E32-DB76D9232193}.Debug|x86.ActiveCfg = Debug|x86
		{709E3390-F79E-4711-9E32-DB76D9232193}.Debug|x86.Build.0 = Debug|x86
		{709E3390-F79E-4711-9E32-DB76D9232193}.Release|Any CPU.ActiveCfg = Release|x86
		{709E3390-F79E-4711-9E32-DB76D9232193}.Release|Mixed Platforms.ActiveCfg = Release|x86
		{709E3390-F79E-4711-9E32-DB76D9232193}.Release|Mixed Platforms.Build.0 = Release|x86
		{709E3390-F79E-4711-9E32-DB76D9232193}.Release|x86.ActiveCfg = Release|x86
		{709E3390-F79E-4711-9E32-DB76D9232193}.Release|x86.Build.0 = Release|x86
		{0F859789-F28E-40B5-AB32-5F2ED008457D}.Debug|Any CPU.ActiveCfg = Debug|x86
		{0F859789-F28E-40B5-AB32-5F2ED008457D}.Debug|Mixed Platforms.ActiveCfg = Debug|x86
		{0F859789-F28E-40B5-AB32-5F2ED008457D}.Debug|Mixed Platforms.Build.0 = Debug|x86
		{0F859789-F28E-40B5-AB32-5F2ED008457D}.Debug|x86.ActiveCfg = Debug|x86
		{0F859789-F28E-40B5-AB32-5F2ED008457D}.Debug|x86.Build.0 = Debug|x86
		{0F859789-F28E-40B5-AB32-5F2ED008457D}.Release|Any CPU.ActiveCfg = Release|x86
		{0F859789-F28E-40B5-AB32-5F2ED008457D}.Release|Mixed Platforms.ActiveCfg = Release|x86
		{0F859789-F28E-40B5-AB32-5F2ED008457D}.Release|Mixed Platforms.Build.0 = Release|x86
		{0F859789-F28E-40B5-AB32-5F2ED008457D}.Release|x86.ActiveCfg = Release|x86
		{0F859789-F28E-40B5-AB32-5F2ED008457D}.Release|x86.Build.0 = Release|x86
		{12606421-905F-4753-AC70-BD7228F1DC6B}.Debug|Any CPU.ActiveCfg = Debug|x86
		{12606421-905F-4753-AC70-BD7228F1DC6B}.Debug|Mixed Platforms.ActiveCfg = Debug|x86
		{12606421-905F-4753-AC70-BD7228F1DC6B}.Debug|Mixed Platforms.Build.0 = Debug|x86
		{12606421-905F-4753-AC70-BD7228F1DC6B}.Debug|x86.ActiveCfg = Debug|x86
		{12606421-905F-4753-AC70-BD7228F1DC6B}.Debug|x86.Build.0 = Debug|x86
		{12606421-905F-4753-AC70-BD7228F1DC6B}.Release|Any CPU.ActiveCfg = Release|x86
		{12606421-905F-4753-AC70-BD7228F1DC6B}.Release|Mixed Platforms.ActiveCfg = Release|x86
		{12606421-905F-4753-AC70-BD7228F1DC6B}.Release|Mixed Platforms.Build.0 = Release|x86
		{12606421-905F-4753-AC70-BD7228F1DC6B}.Release|x86.ActiveCfg = Release|x86
		{12606421-905F-4753-AC70-BD7228F1DC6B}.Release|x86.Build.0 = Release|x86
		{AED4E5FE-2413-40DF-B874-246091A4DD04}.Debug|Any CPU.ActiveCfg = Debug|x86
		{AED4E5FE-2413-40DF-B874-246091A4DD04}.Debug|Mixed Platforms.ActiveCfg = Debug|x86
		{AED4E5FE-2413-40DF-B874-246091A4DD04}.Debug|Mixed Platforms.Build.0 = Debug|x86
		{AED4E5FE-2413-40DF-B874-246091A4DD04}.Debug|x86.ActiveCfg = Debug|x86
		{AED4E5FE-2413-40DF-B874-246091A4DD04}.Debug|x86.Build.0 = Debug|x86
		{AED4E5FE-2413-40DF-B874-246091A4DD04}.Release|Any CPU.ActiveCfg = Release|x86
		{AED4E5FE-2413-40DF-B874-246091A4DD04}.Release|Mixed Platforms.ActiveCfg = Release|x86
		{AED4E5FE-2413-40DF-B874-246091A4DD04}.Release|Mixed Platforms.Build.0 = Release|x86
		{AED4E5FE-2413-40DF-B874-246091A4DD04}.Release|x86.ActiveCfg = Release|x86
		{AED4E5FE-2413-40DF-B874-246091A4DD04}.Release|x86.Build.0 = Release|x86
		{4A736CFE-5F5C-42A0-BFEC-B73932AFAFE5}.Debug|Any CPU.ActiveCfg = Debug|x86
		{4A736CFE-5F5C-42A0-BFEC-B73932AFAFE5}.Debug|Mixed Platforms.ActiveCfg = Debug|x86
		{4A736CFE-5F5C-42A0-BFEC-B73932AFAFE5}.Debug|Mixed Platforms.Build.0 = Debug|x86
		{4A736CFE-5F5C-42A0-BFEC-B73932AFAFE5}.Debug|x86.ActiveCfg = Debug|x86
		{4A736CFE-5F5C-42A0-BFEC-B73932AFAFE5}.Debug|x86.Build.0 = Debug|x86
		{4A736CFE-5F5C-42A0-BFEC-B73932AFAFE5}.Release|Any CPU.ActiveCfg = Release|x86
		{4A736CFE-5F5C-42A0-BFEC-B73932AFAFE5}.Release|Mixed Platforms.ActiveCfg = Release|x86
		{4A736CFE-5F5C-42A0-BFEC-B73932AFAFE5}.Release|Mixed Platforms.Build.0 = Release|x86
		{4A736CFE-5F5C-42A0-BFEC-B73932AFAFE5}.Release|x86.ActiveCfg = Release|x86
		{4A736CFE-5F5C-42A0-BFEC-B73932AFAFE5}.Release|x86.Build.0 = Release|x86
		{5F6709BE-B477-4C58-B4C0-1735443E6799}.Debug|Any CPU.ActiveCfg = Debug|Any CPU
		{5F6709BE-B477-4C58-B4C0-1735443E6799}.Debug|Any CPU.Build.0 = Debug|Any CPU
		{5F6709BE-B477-4C58-B4C0-1735443E6799}.Debug|Mixed Platforms.ActiveCfg = Debug|Any CPU
		{5F6709BE-B477-4C58-B4C0-1735443E6799}.Debug|Mixed Platforms.Build.0 = Debug|Any CPU
		{5F6709BE-B477-4C58-B4C0-1735443E6799}.Debug|x86.ActiveCfg = Debug|Any CPU
		{5F6709BE-B477-4C58-B4C0-1735443E6799}.Release|Any CPU.ActiveCfg = Release|Any CPU
		{5F6709BE-B477-4C58-B4C0-1735443E6799}.Release|Any CPU.Build.0 = Release|Any CPU
		{5F6709BE-B477-4C58-B4C0-1735443E6799}.Release|Mixed Platforms.ActiveCfg = Release|Any CPU
		{5F6709BE-B477-4C58-B4C0-1735443E6799}.Release|Mixed Platforms.Build.0 = Release|Any CPU
		{5F6709BE-B477-4C58-B4C0-1735443E6799}.Release|x86.ActiveCfg = Release|Any CPU
		{F07CACB8-6CB1-4956-BA42-994154F7DD5C}.Debug|Any CPU.ActiveCfg = Debug|x86
		{F07CACB8-6CB1-4956-BA42-994154F7DD5C}.Debug|Mixed Platforms.ActiveCfg = Debug|x86
		{F07CACB8-6CB1-4956-BA42-994154F7DD5C}.Debug|Mixed Platforms.Build.0 = Debug|x86
		{F07CACB8-6CB1-4956-BA42-994154F7DD5C}.Debug|x86.ActiveCfg = Debug|x86
		{F07CACB8-6CB1-4956-BA42-994154F7DD5C}.Debug|x86.Build.0 = Debug|x86
		{F07CACB8-6CB1-4956-BA42-994154F7DD5C}.Release|Any CPU.ActiveCfg = Release|x86
		{F07CACB8-6CB1-4956-BA42-994154F7DD5C}.Release|Mixed Platforms.ActiveCfg = Release|x86
		{F07CACB8-6CB1-4956-BA42-994154F7DD5C}.Release|Mixed Platforms.Build.0 = Release|x86
		{F07CACB8-6CB1-4956-BA42-994154F7DD5C}.Release|x86.ActiveCfg = Release|x86
		{F07CACB8-6CB1-4956-BA42-994154F7DD5C}.Release|x86.Build.0 = Release|x86
		{20BA6D82-C881-4B77-9BEB-D722A3C0BE6E}.Debug|Any CPU.ActiveCfg = Debug|Any CPU
		{20BA6D82-C881-4B77-9BEB-D722A3C0BE6E}.Debug|Any CPU.Build.0 = Debug|Any CPU
		{20BA6D82-C881-4B77-9BEB-D722A3C0BE6E}.Debug|Mixed Platforms.ActiveCfg = Debug|Any CPU
		{20BA6D82-C881-4B77-9BEB-D722A3C0BE6E}.Debug|Mixed Platforms.Build.0 = Debug|Any CPU
		{20BA6D82-C881-4B77-9BEB-D722A3C0BE6E}.Debug|x86.ActiveCfg = Debug|Any CPU
		{20BA6D82-C881-4B77-9BEB-D722A3C0BE6E}.Release|Any CPU.ActiveCfg = Release|Any CPU
		{20BA6D82-C881-4B77-9BEB-D722A3C0BE6E}.Release|Any CPU.Build.0 = Release|Any CPU
		{20BA6D82-C881-4B77-9BEB-D722A3C0BE6E}.Release|Mixed Platforms.ActiveCfg = Release|Any CPU
		{20BA6D82-C881-4B77-9BEB-D722A3C0BE6E}.Release|Mixed Platforms.Build.0 = Release|Any CPU
		{20BA6D82-C881-4B77-9BEB-D722A3C0BE6E}.Release|x86.ActiveCfg = Release|Any CPU
		{1FAE8037-B7B2-46DF-9918-BC1647B55365}.Debug|Any CPU.ActiveCfg = Debug|Any CPU
		{1FAE8037-B7B2-46DF-9918-BC1647B55365}.Debug|Any CPU.Build.0 = Debug|Any CPU
		{1FAE8037-B7B2-46DF-9918-BC1647B55365}.Debug|Mixed Platforms.ActiveCfg = Debug|Any CPU
		{1FAE8037-B7B2-46DF-9918-BC1647B55365}.Debug|Mixed Platforms.Build.0 = Debug|Any CPU
		{1FAE8037-B7B2-46DF-9918-BC1647B55365}.Debug|x86.ActiveCfg = Debug|Any CPU
		{1FAE8037-B7B2-46DF-9918-BC1647B55365}.Release|Any CPU.ActiveCfg = Release|Any CPU
		{1FAE8037-B7B2-46DF-9918-BC1647B55365}.Release|Any CPU.Build.0 = Release|Any CPU
		{1FAE8037-B7B2-46DF-9918-BC1647B55365}.Release|Mixed Platforms.ActiveCfg = Release|Any CPU
		{1FAE8037-B7B2-46DF-9918-BC1647B55365}.Release|Mixed Platforms.Build.0 = Release|Any CPU
		{1FAE8037-B7B2-46DF-9918-BC1647B55365}.Release|x86.ActiveCfg = Release|Any CPU
	EndGlobalSection
	GlobalSection(SolutionProperties) = preSolution
		HideSolutionNode = FALSE
	EndGlobalSection
EndGlobal
